
Microsoft Visual Studio Solution File, Format Version 11.00
# Visual C++ Express 2010
Project("{8BC9CEB8-8B4A-11D0-8D11-00A0C91BC942}") = "text_test", "text_test\text_test.vcxproj", "{CDBFB28B-9EAE-4F93-B341-7CA26D7AB303}"
EndProject
Global
	GlobalSection(SolutionConfigurationPlatforms) = preSolution
		Debug|Win32 = Debug|Win32
		Release|Win32 = Release|Win32
	EndGlobalSection
	GlobalSection(ProjectConfigurationPlatforms) = postSolution
		{CDBFB28B-9EAE-4F93-B341-7CA26D7AB303}.Debug|Win32.ActiveCfg = Debug|Win32
		{CDBFB28B-9EAE-4F93-B341-7CA26D7AB303}.Debug|Win32.Build.0 = Debug|Win32
		{CDBFB28B-9EAE-4F93-B341-7CA26D7AB303}.Release|Win32.ActiveCfg = Release|Win32
		{CDBFB28B-9EAE-4F93-B341-7CA26D7AB303}.Release|Win32.Build.0 = Release|Win32
	EndGlobalSection
	GlobalSection(SolutionProperties) = preSolution
		HideSolutionNode = FALSE
	EndGlobalSection
EndGlobal
